{
  "requires": true,
  "lockfileVersion": 1,
  "dependencies": {
    "@citizenfx/client": {
      "version": "1.0.2949-1",
      "resolved": "https://registry.npmjs.org/@citizenfx/client/-/client-1.0.2949-1.tgz",
      "integrity": "sha512-grV+0LN3NITFDHafrQnwZzz0ukPoKOajWgTCPVTrhKBfCkBSv0AKNAl1uEow9nZfF4pl0Q3WBc6ddkH4plVHOg=="
    },
    "@citizenfx/server": {
      "version": "1.0.2969-1",
      "resolved": "https://registry.npmjs.org/@citizenfx/server/-/server-1.0.2969-1.tgz",
      "integrity": "sha512-d270xtDQj9hQJgzM2qzgmTwNKi0hQdFCl8/JMK7Gd8UVZzWuUHiTphSA2vdjehTdAnxqfuxE2nI2lNgvY1TvXg=="
    }
  }
}
